// !$*UTF8*$!
{
	archiveVersion = 1;
	classes = {
	};
	objectVersion = 50;
	objects = {

/* Begin PBXBuildFile section */
		D042C147257DBDE900254D34 /* MyList.swift in Sources */ = {isa = PBXBuildFile; fileRef = D042C146257DBDE900254D34 /* MyList.swift */; };
		D042C14A257DC6F200254D34 /* MyNavigationView.swift in Sources */ = {isa = PBXBuildFile; fileRef = D042C149257DC6F200254D34 /* MyNavigationView.swift */; };
		D042C14D257DCB8D00254D34 /* ProfileView.swift in Sources */ = {isa = PBXBuildFile; fileRef = D042C14C257DCB8D00254D34 /* ProfileView.swift */; };
		D042C154257DF08200254D34 /* GeometryReaderView.swift in Sources */ = {isa = PBXBuildFile; fileRef = D042C153257DF08200254D34 /* GeometryReaderView.swift */; };
		D042C157257DF37200254D34 /* MyGeoview.swift in Sources */ = {isa = PBXBuildFile; fileRef = D042C156257DF37200254D34 /* MyGeoview.swift */; };
		D042C15A257E0B2A00254D34 /* MyTabView.swift in Sources */ = {isa = PBXBuildFile; fileRef = D042C159257E0B2A00254D34 /* MyTabView.swift */; };
		D042C15E257E0D4E00254D34 /* MyView.swift in Sources */ = {isa = PBXBuildFile; fileRef = D042C15D257E0D4E00254D34 /* MyView.swift */; };
		D042C161257E105500254D34 /* CustomTabView.swift in Sources */ = {isa = PBXBuildFile; fileRef = D042C160257E105500254D34 /* CustomTabView.swift */; };
		D08C5E5E2579BDB400BFE033 /* SwiftUILayOutApp.swift in Sources */ = {isa = PBXBuildFile; fileRef = D08C5E5D2579BDB400BFE033 /* SwiftUILayOutApp.swift */; };
		D08C5E602579BDB400BFE033 /* ContentView.swift in Sources */ = {isa = PBXBuildFile; fileRef = D08C5E5F2579BDB400BFE033 /* ContentView.swift */; };
		D08C5E622579BDB900BFE033 /* Assets.xcassets in Resources */ = {isa = PBXBuildFile; fileRef = D08C5E612579BDB900BFE033 /* Assets.xcassets */; };
		D08C5E652579BDB900BFE033 /* Preview Assets.xcassets in Resources */ = {isa = PBXBuildFile; fileRef = D08C5E642579BDB900BFE033 /* Preview Assets.xcassets */; };
		D0B7086C2579BFC100A9AB3B /* Card.swift in Sources */ = {isa = PBXBuildFile; fileRef = D0B7086B2579BFC100A9AB3B /* Card.swift */; };
		D0B7086F2579C45C00A9AB3B /* BasicCard.swift in Sources */ = {isa = PBXBuildFile; fileRef = D0B7086E2579C45C00A9AB3B /* BasicCard.swift */; };
		D0B708722579CAEE00A9AB3B /* MyCard.swift in Sources */ = {isa = PBXBuildFile; fileRef = D0B708712579CAEE00A9AB3B /* MyCard.swift */; };
/* End PBXBuildFile section */

/* Begin PBXFileReference section */
		D042C146257DBDE900254D34 /* MyList.swift */ = {isa = PBXFileReference; lastKnownFileType = sourcecode.swift; path = MyList.swift; sourceTree = "<group>"; };
		D042C149257DC6F200254D34 /* MyNavigationView.swift */ = {isa = PBXFileReference; lastKnownFileType = sourcecode.swift; path = MyNavigationView.swift; sourceTree = "<group>"; };
		D042C14C257DCB8D00254D34 /* ProfileView.swift */ = {isa = PBXFileReference; lastKnownFileType = sourcecode.swift; path = ProfileView.swift; sourceTree = "<group>"; };
		D042C153257DF08200254D34 /* GeometryReaderView.swift */ = {isa = PBXFileReference; lastKnownFileType = sourcecode.swift; path = GeometryReaderView.swift; sourceTree = "<group>"; };
		D042C156257DF37200254D34 /* MyGeoview.swift */ = {isa = PBXFileReference; lastKnownFileType = sourcecode.swift; path = MyGeoview.swift; sourceTree = "<group>"; };
		D042C159257E0B2A00254D34 /* MyTabView.swift */ = {isa = PBXFileReference; lastKnownFileType = sourcecode.swift; path = MyTabView.swift; sourceTree = "<group>"; };
		D042C15D257E0D4E00254D34 /* MyView.swift */ = {isa = PBXFileReference; lastKnownFileType = sourcecode.swift; path = MyView.swift; sourceTree = "<group>"; };
		D042C160257E105500254D34 /* CustomTabView.swift */ = {isa = PBXFileReference; lastKnownFileType = sourcecode.swift; path = CustomTabView.swift; sourceTree = "<group>"; };
		D08C5E5A2579BDB400BFE033 /* SwiftUILayOut.app */ = {isa = PBXFileReference; explicitFileType = wrapper.application; includeInIndex = 0; path = SwiftUILayOut.app; sourceTree = BUILT_PRODUCTS_DIR; };
		D08C5E5D2579BDB400BFE033 /* SwiftUILayOutApp.swift */ = {isa = PBXFileReference; lastKnownFileType = sourcecode.swift; path = SwiftUILayOutApp.swift; sourceTree = "<group>"; };
		D08C5E5F2579BDB400BFE033 /* ContentView.swift */ = {isa = PBXFileReference; lastKnownFileType = sourcecode.swift; path = ContentView.swift; sourceTree = "<group>"; };
		D08C5E612579BDB900BFE033 /* Assets.xcassets */ = {isa = PBXFileReference; lastKnownFileType = folder.assetcatalog; path = Assets.xcassets; sourceTree = "<group>"; };
		D08C5E642579BDB900BFE033 /* Preview Assets.xcassets */ = {isa = PBXFileReference; lastKnownFileType = folder.assetcatalog; path = "Preview Assets.xcassets"; sourceTree = "<group>"; };
		D08C5E662579BDB900BFE033 /* Info.plist */ = {isa = PBXFileReference; lastKnownFileType = text.plist.xml; path = Info.plist; sourceTree = "<group>"; };
		D0B7086B2579BFC100A9AB3B /* Card.swift */ = {isa = PBXFileReference; lastKnownFileType = sourcecode.swift; path = Card.swift; sourceTree = "<group>"; };
		D0B7086E2579C45C00A9AB3B /* BasicCard.swift */ = {isa = PBXFileReference; lastKnownFileType = sourcecode.swift; path = BasicCard.swift; sourceTree = "<group>"; };
		D0B708712579CAEE00A9AB3B /* MyCard.swift */ = {isa = PBXFileReference; lastKnownFileType = sourcecode.swift; path = MyCard.swift; sourceTree = "<group>"; };
/* End PBXFileReference section */

/* Begin PBXFrameworksBuildPhase section */
		D08C5E572579BDB400BFE033 /* Frameworks */ = {
			isa = PBXFrameworksBuildPhase;
			buildActionMask = 2147483647;
			files = (
			);
			runOnlyForDeploymentPostprocessing = 0;
		};
/* End PBXFrameworksBuildPhase section */

/* Begin PBXGroup section */
		D08C5E512579BDB400BFE033 = {
			isa = PBXGroup;
			children = (
				D08C5E5C2579BDB400BFE033 /* SwiftUILayOut */,
				D08C5E5B2579BDB400BFE033 /* Products */,
			);
			sourceTree = "<group>";
		};
		D08C5E5B2579BDB400BFE033 /* Products */ = {
			isa = PBXGroup;
			children = (
				D08C5E5A2579BDB400BFE033 /* SwiftUILayOut.app */,
			);
			name = Products;
			sourceTree = "<group>";
		};
		D08C5E5C2579BDB400BFE033 /* SwiftUILayOut */ = {
			isa = PBXGroup;
			children = (
				D08C5E5D2579BDB400BFE033 /* SwiftUILayOutApp.swift */,
				D08C5E5F2579BDB400BFE033 /* ContentView.swift */,
				D042C153257DF08200254D34 /* GeometryReaderView.swift */,
				D042C156257DF37200254D34 /* MyGeoview.swift */,
				D042C14C257DCB8D00254D34 /* ProfileView.swift */,
				D042C149257DC6F200254D34 /* MyNavigationView.swift */,
				D042C146257DBDE900254D34 /* MyList.swift */,
				D042C159257E0B2A00254D34 /* MyTabView.swift */,
				D042C160257E105500254D34 /* CustomTabView.swift */,
				D042C15D257E0D4E00254D34 /* MyView.swift */,
				D08C5E612579BDB900BFE033 /* Assets.xcassets */,
				D08C5E662579BDB900BFE033 /* Info.plist */,
				D08C5E632579BDB900BFE033 /* Preview Content */,
				D0B7086B2579BFC100A9AB3B /* Card.swift */,
				D0B7086E2579C45C00A9AB3B /* BasicCard.swift */,
				D0B708712579CAEE00A9AB3B /* MyCard.swift */,
			);
			path = SwiftUILayOut;
			sourceTree = "<group>";
		};
		D08C5E632579BDB900BFE033 /* Preview Content */ = {
			isa = PBXGroup;
			children = (
				D08C5E642579BDB900BFE033 /* Preview Assets.xcassets */,
			);
			path = "Preview Content";
			sourceTree = "<group>";
		};
/* End PBXGroup section */

/* Begin PBXNativeTarget section */
		D08C5E592579BDB400BFE033 /* SwiftUILayOut */ = {
			isa = PBXNativeTarget;
			buildConfigurationList = D08C5E692579BDB900BFE033 /* Build configuration list for PBXNativeTarget "SwiftUILayOut" */;
			buildPhases = (
				D08C5E562579BDB400BFE033 /* Sources */,
				D08C5E572579BDB400BFE033 /* Frameworks */,
				D08C5E582579BDB400BFE033 /* Resources */,
			);
			buildRules = (
			);
			dependencies = (
			);
			name = SwiftUILayOut;
			productName = SwiftUILayOut;
			productReference = D08C5E5A2579BDB400BFE033 /* SwiftUILayOut.app */;
			productType = "com.apple.product-type.application";
		};
/* End PBXNativeTarget section */

/* Begin PBXProject section */
		D08C5E522579BDB400BFE033 /* Project object */ = {
			isa = PBXProject;
			attributes = {
				LastSwiftUpdateCheck = 1210;
				LastUpgradeCheck = 1210;
				TargetAttributes = {
					D08C5E592579BDB400BFE033 = {
						CreatedOnToolsVersion = 12.1;
					};
				};
			};
			buildConfigurationList = D08C5E552579BDB400BFE033 /* Build configuration list for PBXProject "SwiftUILayOut" */;
			compatibilityVersion = "Xcode 9.3";
			developmentRegion = en;
			hasScannedForEncodings = 0;
			knownRegions = (
				en,
				Base,
			);
			mainGroup = D08C5E512579BDB400BFE033;
			productRefGroup = D08C5E5B2579BDB400BFE033 /* Products */;
			projectDirPath = "";
			projectRoot = "";
			targets = (
				D08C5E592579BDB400BFE033 /* SwiftUILayOut */,
			);
		};
/* End PBXProject section */

/* Begin PBXResourcesBuildPhase section */
		D08C5E582579BDB400BFE033 /* Resources */ = {
			isa = PBXResourcesBuildPhase;
			buildActionMask = 2147483647;
			files = (
				D08C5E652579BDB900BFE033 /* Preview Assets.xcassets in Resources */,
				D08C5E622579BDB900BFE033 /* Assets.xcassets in Resources */,
			);
			runOnlyForDeploymentPostprocessing = 0;
		};
/* End PBXResourcesBuildPhase section */

/* Begin PBXSourcesBuildPhase section */
		D08C5E562579BDB400BFE033 /* Sources */ = {
			isa = PBXSourcesBuildPhase;
			buildActionMask = 2147483647;
			files = (
				D042C15E257E0D4E00254D34 /* MyView.swift in Sources */,
				D042C15A257E0B2A00254D34 /* MyTabView.swift in Sources */,
				D042C14D257DCB8D00254D34 /* ProfileView.swift in Sources */,
				D08C5E602579BDB400BFE033 /* ContentView.swift in Sources */,
				D0B7086C2579BFC100A9AB3B /* Card.swift in Sources */,
				D042C161257E105500254D34 /* CustomTabView.swift in Sources */,
				D0B7086F2579C45C00A9AB3B /* BasicCard.swift in Sources */,
				D042C157257DF37200254D34 /* MyGeoview.swift in Sources */,
				D0B708722579CAEE00A9AB3B /* MyCard.swift in Sources */,
				D08C5E5E2579BDB400BFE033 /* SwiftUILayOutApp.swift in Sources */,
				D042C147257DBDE900254D34 /* MyList.swift in Sources */,
				D042C14A257DC6F200254D34 /* MyNavigationView.swift in Sources */,
				D042C154257DF08200254D34 /* GeometryReaderView.swift in Sources */,
			);
			runOnlyForDeploymentPostprocessing = 0;
		};
/* End PBXSourcesBuildPhase section */

/* Begin XCBuildConfiguration section */
		D08C5E672579BDB900BFE033 /* Debug */ = {
			isa = XCBuildConfiguration;
			buildSettings = {
				ALWAYS_SEARCH_USER_PATHS = NO;
				CLANG_ANALYZER_NONNULL = YES;
				CLANG_ANALYZER_NUMBER_OBJECT_CONVERSION = YES_AGGRESSIVE;
				CLANG_CXX_LANGUAGE_STANDARD = "gnu++14";
				CLANG_CXX_LIBRARY = "libc++";
				CLANG_ENABLE_MODULES = YES;
				CLANG_ENABLE_OBJC_ARC = YES;
				CLANG_ENABLE_OBJC_WEAK = YES;
				CLANG_WARN_BLOCK_CAPTURE_AUTORELEASING = YES;
				CLANG_WARN_BOOL_CONVERSION = YES;
				CLANG_WARN_COMMA = YES;
				CLANG_WARN_CONSTANT_CONVERSION = YES;
				CLANG_WARN_DEPRECATED_OBJC_IMPLEMENTATIONS = YES;
				CLANG_WARN_DIRECT_OBJC_ISA_USAGE = YES_ERROR;
				CLANG_WARN_DOCUMENTATION_COMMENTS = YES;
				CLANG_WARN_EMPTY_BODY = YES;
				CLANG_WARN_ENUM_CONVERSION = YES;
				CLANG_WARN_INFINITE_RECURSION = YES;
				CLANG_WARN_INT_CONVERSION = YES;
				CLANG_WARN_NON_LITERAL_NULL_CONVERSION = YES;
				CLANG_WARN_OBJC_IMPLICIT_RETAIN_SELF = YES;
				CLANG_WARN_OBJC_LITERAL_CONVERSION = YES;
				CLANG_WARN_OBJC_ROOT_CLASS = YES_ERROR;
				CLANG_WARN_QUOTED_INCLUDE_IN_FRAMEWORK_HEADER = YES;
				CLANG_WARN_RANGE_LOOP_ANALYSIS = YES;
				CLANG_WARN_STRICT_PROTOTYPES = YES;
				CLANG_WARN_SUSPICIOUS_MOVE = YES;
				CLANG_WARN_UNGUARDED_AVAILABILITY = YES_AGGRESSIVE;
				CLANG_WARN_UNREACHABLE_CODE = YES;
				CLANG_WARN__DUPLICATE_METHOD_MATCH = YES;
				COPY_PHASE_STRIP = NO;
				DEBUG_INFORMATION_FORMAT = dwarf;
				ENABLE_STRICT_OBJC_MSGSEND = YES;
				ENABLE_TESTABILITY = YES;
				GCC_C_LANGUAGE_STANDARD = gnu11;
				GCC_DYNAMIC_NO_PIC = NO;
				GCC_NO_COMMON_BLOCKS = YES;
				GCC_OPTIMIZATION_LEVEL = 0;
				GCC_PREPROCESSOR_DEFINITIONS = (
					"DEBUG=1",
					"$(inherited)",
				);
				GCC_WARN_64_TO_32_BIT_CONVERSION = YES;
				GCC_WARN_ABOUT_RETURN_TYPE = YES_ERROR;
				GCC_WARN_UNDECLARED_SELECTOR = YES;
				GCC_WARN_UNINITIALIZED_AUTOS = YES_AGGRESSIVE;
				GCC_WARN_UNUSED_FUNCTION = YES;
				GCC_WARN_UNUSED_VARIABLE = YES;
				IPHONEOS_DEPLOYMENT_TARGET = 14.1;
				MTL_ENABLE_DEBUG_INFO = INCLUDE_SOURCE;
				MTL_FAST_MATH = YES;
				ONLY_ACTIVE_ARCH = YES;
				SDKROOT = iphoneos;
				SWIFT_ACTIVE_COMPILATION_CONDITIONS = DEBUG;
				SWIFT_OPTIMIZATION_LEVEL = "-Onone";
			};
			name = Debug;
		};
		D08C5E682579BDB900BFE033 /* Release */ = {
			isa = XCBuildConfiguration;
			buildSettings = {
				ALWAYS_SEARCH_USER_PATHS = NO;
				CLANG_ANALYZER_NONNULL = YES;
				CLANG_ANALYZER_NUMBER_OBJECT_CONVERSION = YES_AGGRESSIVE;
				CLANG_CXX_LANGUAGE_STANDARD = "gnu++14";
				CLANG_CXX_LIBRARY = "libc++";
				CLANG_ENABLE_MODULES = YES;
				CLANG_ENABLE_OBJC_ARC = YES;
				CLANG_ENABLE_OBJC_WEAK = YES;
				CLANG_WARN_BLOCK_CAPTURE_AUTORELEASING = YES;
				CLANG_WARN_BOOL_CONVERSION = YES;
				CLANG_WARN_COMMA = YES;
				CLANG_WARN_CONSTANT_CONVERSION = YES;
				CLANG_WARN_DEPRECATED_OBJC_IMPLEMENTATIONS = YES;
				CLANG_WARN_DIRECT_OBJC_ISA_USAGE = YES_ERROR;
				CLANG_WARN_DOCUMENTATION_COMMENTS = YES;
				CLANG_WARN_EMPTY_BODY = YES;
				CLANG_WARN_ENUM_CONVERSION = YES;
				CLANG_WARN_INFINITE_RECURSION = YES;
				CLANG_WARN_INT_CONVERSION = YES;
				CLANG_WARN_NON_LITERAL_NULL_CONVERSION = YES;
				CLANG_WARN_OBJC_IMPLICIT_RETAIN_SELF = YES;
				CLANG_WARN_OBJC_LITERAL_CONVERSION = YES;
				CLANG_WARN_OBJC_ROOT_CLASS = YES_ERROR;
				CLANG_WARN_QUOTED_INCLUDE_IN_FRAMEWORK_HEADER = YES;
				CLANG_WARN_RANGE_LOOP_ANALYSIS = YES;
				CLANG_WARN_STRICT_PROTOTYPES = YES;
				CLANG_WARN_SUSPICIOUS_MOVE = YES;
				CLANG_WARN_UNGUARDED_AVAILABILITY = YES_AGGRESSIVE;
				CLANG_WARN_UNREACHABLE_CODE = YES;
				CLANG_WARN__DUPLICATE_METHOD_MATCH = YES;
				COPY_PHASE_STRIP = NO;
				DEBUG_INFORMATION_FORMAT = "dwarf-with-dsym";
				ENABLE_NS_ASSERTIONS = NO;
				ENABLE_STRICT_OBJC_MSGSEND = YES;
				GCC_C_LANGUAGE_STANDARD = gnu11;
				GCC_NO_COMMON_BLOCKS = YES;
				GCC_WARN_64_TO_32_BIT_CONVERSION = YES;
				GCC_WARN_ABOUT_RETURN_TYPE = YES_ERROR;
				GCC_WARN_UNDECLARED_SELECTOR = YES;
				GCC_WARN_UNINITIALIZED_AUTOS = YES_AGGRESSIVE;
				GCC_WARN_UNUSED_FUNCTION = YES;
				GCC_WARN_UNUSED_VARIABLE = YES;
				IPHONEOS_DEPLOYMENT_TARGET = 14.1;
				MTL_ENABLE_DEBUG_INFO = NO;
				MTL_FAST_MATH = YES;
				SDKROOT = iphoneos;
				SWIFT_COMPILATION_MODE = wholemodule;
				SWIFT_OPTIMIZATION_LEVEL = "-O";
				VALIDATE_PRODUCT = YES;
			};
			name = Release;
		};
		D08C5E6A2579BDB900BFE033 /* Debug */ = {
			isa = XCBuildConfiguration;
			buildSettings = {
				ASSETCATALOG_COMPILER_APPICON_NAME = AppIcon;
				ASSETCATALOG_COMPILER_GLOBAL_ACCENT_COLOR_NAME = AccentColor;
				CODE_SIGN_STYLE = Automatic;
				DEVELOPMENT_ASSET_PATHS = "\"SwiftUILayOut/Preview Content\"";
				DEVELOPMENT_TEAM = 2Z7YX43544;
				ENABLE_PREVIEWS = YES;
				INFOPLIST_FILE = SwiftUILayOut/Info.plist;
				IPHONEOS_DEPLOYMENT_TARGET = 14.0;
				LD_RUNPATH_SEARCH_PATHS = (
					"$(inherited)",
					"@executable_path/Frameworks",
				);
				PRODUCT_BUNDLE_IDENTIFIER = Lee.SwiftUILayOut;
				PRODUCT_NAME = "$(TARGET_NAME)";
				SWIFT_VERSION = 5.0;
				TARGETED_DEVICE_FAMILY = "1,2";
			};
			name = Debug;
		};
		D08C5E6B2579BDB900BFE033 /* Release */ = {
			isa = XCBuildConfiguration;
			buildSettings = {
				ASSETCATALOG_COMPILER_APPICON_NAME = AppIcon;
				ASSETCATALOG_COMPILER_GLOBAL_ACCENT_COLOR_NAME = AccentColor;
				CODE_SIGN_STYLE = Automatic;
				DEVELOPMENT_ASSET_PATHS = "\"SwiftUILayOut/Preview Content\"";
				DEVELOPMENT_TEAM = 2Z7YX43544;
				ENABLE_PREVIEWS = YES;
				INFOPLIST_FILE = SwiftUILayOut/Info.plist;
				IPHONEOS_DEPLOYMENT_TARGET = 14.0;
				LD_RUNPATH_SEARCH_PATHS = (
					"$(inherited)",
					"@executable_path/Frameworks",
				);
				PRODUCT_BUNDLE_IDENTIFIER = Lee.SwiftUILayOut;
				PRODUCT_NAME = "$(TARGET_NAME)";
				SWIFT_VERSION = 5.0;
				TARGETED_DEVICE_FAMILY = "1,2";
			};
			name = Release;
		};
/* End XCBuildConfiguration section */

/* Begin XCConfigurationList section */
		D08C5E552579BDB400BFE033 /* Build configuration list for PBXProject "SwiftUILayOut" */ = {
			isa = XCConfigurationList;
			buildConfigurations = (
				D08C5E672579BDB900BFE033 /* Debug */,
				D08C5E682579BDB900BFE033 /* Release */,
			);
			defaultConfigurationIsVisible = 0;
			defaultConfigurationName = Release;
		};
		D08C5E692579BDB900BFE033 /* Build configuration list for PBXNativeTarget "SwiftUILayOut" */ = {
			isa = XCConfigurationList;
			buildConfigurations = (
				D08C5E6A2579BDB900BFE033 /* Debug */,
				D08C5E6B2579BDB900BFE033 /* Release */,
			);
			defaultConfigurationIsVisible = 0;
			defaultConfigurationName = Release;
		};
/* End XCConfigurationList section */
	};
	rootObject = D08C5E522579BDB400BFE033 /* Project object */;
}
