// !$*UTF8*$!
{
	archiveVersion = 1;
	classes = {
	};
	objectVersion = 50;
	objects = {

/* Begin PBXBuildFile section */
		D040F0F125836A7E00750D76 /* FindMyIPApp.swift in Sources */ = {isa = PBXBuildFile; fileRef = D040F0F025836A7E00750D76 /* FindMyIPApp.swift */; };
		D040F0F325836A7E00750D76 /* ContentView.swift in Sources */ = {isa = PBXBuildFile; fileRef = D040F0F225836A7E00750D76 /* ContentView.swift */; };
		D040F0F525836A8200750D76 /* Assets.xcassets in Resources */ = {isa = PBXBuildFile; fileRef = D040F0F425836A8200750D76 /* Assets.xcassets */; };
		D040F0F825836A8200750D76 /* Preview Assets.xcassets in Resources */ = {isa = PBXBuildFile; fileRef = D040F0F725836A8200750D76 /* Preview Assets.xcassets */; };
		D040F10125836AB400750D76 /* FindMyIPService.swift in Sources */ = {isa = PBXBuildFile; fileRef = D040F10025836AB400750D76 /* FindMyIPService.swift */; };
		D040F10425836C4D00750D76 /* FindMyIP.swift in Sources */ = {isa = PBXBuildFile; fileRef = D040F10325836C4D00750D76 /* FindMyIP.swift */; };
		D040F1072583715B00750D76 /* FindMyIPViewModel.swift in Sources */ = {isa = PBXBuildFile; fileRef = D040F1062583715B00750D76 /* FindMyIPViewModel.swift */; };
/* End PBXBuildFile section */

/* Begin PBXFileReference section */
		D040F0ED25836A7E00750D76 /* FindMyIP.app */ = {isa = PBXFileReference; explicitFileType = wrapper.application; includeInIndex = 0; path = FindMyIP.app; sourceTree = BUILT_PRODUCTS_DIR; };
		D040F0F025836A7E00750D76 /* FindMyIPApp.swift */ = {isa = PBXFileReference; lastKnownFileType = sourcecode.swift; path = FindMyIPApp.swift; sourceTree = "<group>"; };
		D040F0F225836A7E00750D76 /* ContentView.swift */ = {isa = PBXFileReference; lastKnownFileType = sourcecode.swift; path = ContentView.swift; sourceTree = "<group>"; };
		D040F0F425836A8200750D76 /* Assets.xcassets */ = {isa = PBXFileReference; lastKnownFileType = folder.assetcatalog; path = Assets.xcassets; sourceTree = "<group>"; };
		D040F0F725836A8200750D76 /* Preview Assets.xcassets */ = {isa = PBXFileReference; lastKnownFileType = folder.assetcatalog; path = "Preview Assets.xcassets"; sourceTree = "<group>"; };
		D040F0F925836A8200750D76 /* Info.plist */ = {isa = PBXFileReference; lastKnownFileType = text.plist.xml; path = Info.plist; sourceTree = "<group>"; };
		D040F10025836AB400750D76 /* FindMyIPService.swift */ = {isa = PBXFileReference; lastKnownFileType = sourcecode.swift; path = FindMyIPService.swift; sourceTree = "<group>"; };
		D040F10325836C4D00750D76 /* FindMyIP.swift */ = {isa = PBXFileReference; lastKnownFileType = sourcecode.swift; path = FindMyIP.swift; sourceTree = "<group>"; };
		D040F1062583715B00750D76 /* FindMyIPViewModel.swift */ = {isa = PBXFileReference; lastKnownFileType = sourcecode.swift; path = FindMyIPViewModel.swift; sourceTree = "<group>"; };
/* End PBXFileReference section */

/* Begin PBXFrameworksBuildPhase section */
		D040F0EA25836A7E00750D76 /* Frameworks */ = {
			isa = PBXFrameworksBuildPhase;
			buildActionMask = 2147483647;
			files = (
			);
			runOnlyForDeploymentPostprocessing = 0;
		};
/* End PBXFrameworksBuildPhase section */

/* Begin PBXGroup section */
		D040F0E425836A7D00750D76 = {
			isa = PBXGroup;
			children = (
				D040F0EF25836A7E00750D76 /* FindMyIP */,
				D040F0EE25836A7E00750D76 /* Products */,
			);
			sourceTree = "<group>";
		};
		D040F0EE25836A7E00750D76 /* Products */ = {
			isa = PBXGroup;
			children = (
				D040F0ED25836A7E00750D76 /* FindMyIP.app */,
			);
			name = Products;
			sourceTree = "<group>";
		};
		D040F0EF25836A7E00750D76 /* FindMyIP */ = {
			isa = PBXGroup;
			children = (
				D040F0F025836A7E00750D76 /* FindMyIPApp.swift */,
				D040F0F225836A7E00750D76 /* ContentView.swift */,
				D040F10025836AB400750D76 /* FindMyIPService.swift */,
				D040F1062583715B00750D76 /* FindMyIPViewModel.swift */,
				D040F10325836C4D00750D76 /* FindMyIP.swift */,
				D040F0F425836A8200750D76 /* Assets.xcassets */,
				D040F0F925836A8200750D76 /* Info.plist */,
				D040F0F625836A8200750D76 /* Preview Content */,
			);
			path = FindMyIP;
			sourceTree = "<group>";
		};
		D040F0F625836A8200750D76 /* Preview Content */ = {
			isa = PBXGroup;
			children = (
				D040F0F725836A8200750D76 /* Preview Assets.xcassets */,
			);
			path = "Preview Content";
			sourceTree = "<group>";
		};
/* End PBXGroup section */

/* Begin PBXNativeTarget section */
		D040F0EC25836A7E00750D76 /* FindMyIP */ = {
			isa = PBXNativeTarget;
			buildConfigurationList = D040F0FC25836A8200750D76 /* Build configuration list for PBXNativeTarget "FindMyIP" */;
			buildPhases = (
				D040F0E925836A7E00750D76 /* Sources */,
				D040F0EA25836A7E00750D76 /* Frameworks */,
				D040F0EB25836A7E00750D76 /* Resources */,
			);
			buildRules = (
			);
			dependencies = (
			);
			name = FindMyIP;
			productName = FindMyIP;
			productReference = D040F0ED25836A7E00750D76 /* FindMyIP.app */;
			productType = "com.apple.product-type.application";
		};
/* End PBXNativeTarget section */

/* Begin PBXProject section */
		D040F0E525836A7D00750D76 /* Project object */ = {
			isa = PBXProject;
			attributes = {
				LastSwiftUpdateCheck = 1220;
				LastUpgradeCheck = 1220;
				TargetAttributes = {
					D040F0EC25836A7E00750D76 = {
						CreatedOnToolsVersion = 12.2;
					};
				};
			};
			buildConfigurationList = D040F0E825836A7E00750D76 /* Build configuration list for PBXProject "FindMyIP" */;
			compatibilityVersion = "Xcode 9.3";
			developmentRegion = en;
			hasScannedForEncodings = 0;
			knownRegions = (
				en,
				Base,
			);
			mainGroup = D040F0E425836A7D00750D76;
			productRefGroup = D040F0EE25836A7E00750D76 /* Products */;
			projectDirPath = "";
			projectRoot = "";
			targets = (
				D040F0EC25836A7E00750D76 /* FindMyIP */,
			);
		};
/* End PBXProject section */

/* Begin PBXResourcesBuildPhase section */
		D040F0EB25836A7E00750D76 /* Resources */ = {
			isa = PBXResourcesBuildPhase;
			buildActionMask = 2147483647;
			files = (
				D040F0F825836A8200750D76 /* Preview Assets.xcassets in Resources */,
				D040F0F525836A8200750D76 /* Assets.xcassets in Resources */,
			);
			runOnlyForDeploymentPostprocessing = 0;
		};
/* End PBXResourcesBuildPhase section */

/* Begin PBXSourcesBuildPhase section */
		D040F0E925836A7E00750D76 /* Sources */ = {
			isa = PBXSourcesBuildPhase;
			buildActionMask = 2147483647;
			files = (
				D040F0F325836A7E00750D76 /* ContentView.swift in Sources */,
				D040F10425836C4D00750D76 /* FindMyIP.swift in Sources */,
				D040F0F125836A7E00750D76 /* FindMyIPApp.swift in Sources */,
				D040F10125836AB400750D76 /* FindMyIPService.swift in Sources */,
				D040F1072583715B00750D76 /* FindMyIPViewModel.swift in Sources */,
			);
			runOnlyForDeploymentPostprocessing = 0;
		};
/* End PBXSourcesBuildPhase section */

/* Begin XCBuildConfiguration section */
		D040F0FA25836A8200750D76 /* Debug */ = {
			isa = XCBuildConfiguration;
			buildSettings = {
				ALWAYS_SEARCH_USER_PATHS = NO;
				CLANG_ANALYZER_NONNULL = YES;
				CLANG_ANALYZER_NUMBER_OBJECT_CONVERSION = YES_AGGRESSIVE;
				CLANG_CXX_LANGUAGE_STANDARD = "gnu++14";
				CLANG_CXX_LIBRARY = "libc++";
				CLANG_ENABLE_MODULES = YES;
				CLANG_ENABLE_OBJC_ARC = YES;
				CLANG_ENABLE_OBJC_WEAK = YES;
				CLANG_WARN_BLOCK_CAPTURE_AUTORELEASING = YES;
				CLANG_WARN_BOOL_CONVERSION = YES;
				CLANG_WARN_COMMA = YES;
				CLANG_WARN_CONSTANT_CONVERSION = YES;
				CLANG_WARN_DEPRECATED_OBJC_IMPLEMENTATIONS = YES;
				CLANG_WARN_DIRECT_OBJC_ISA_USAGE = YES_ERROR;
				CLANG_WARN_DOCUMENTATION_COMMENTS = YES;
				CLANG_WARN_EMPTY_BODY = YES;
				CLANG_WARN_ENUM_CONVERSION = YES;
				CLANG_WARN_INFINITE_RECURSION = YES;
				CLANG_WARN_INT_CONVERSION = YES;
				CLANG_WARN_NON_LITERAL_NULL_CONVERSION = YES;
				CLANG_WARN_OBJC_IMPLICIT_RETAIN_SELF = YES;
				CLANG_WARN_OBJC_LITERAL_CONVERSION = YES;
				CLANG_WARN_OBJC_ROOT_CLASS = YES_ERROR;
				CLANG_WARN_QUOTED_INCLUDE_IN_FRAMEWORK_HEADER = YES;
				CLANG_WARN_RANGE_LOOP_ANALYSIS = YES;
				CLANG_WARN_STRICT_PROTOTYPES = YES;
				CLANG_WARN_SUSPICIOUS_MOVE = YES;
				CLANG_WARN_UNGUARDED_AVAILABILITY = YES_AGGRESSIVE;
				CLANG_WARN_UNREACHABLE_CODE = YES;
				CLANG_WARN__DUPLICATE_METHOD_MATCH = YES;
				COPY_PHASE_STRIP = NO;
				DEBUG_INFORMATION_FORMAT = dwarf;
				ENABLE_STRICT_OBJC_MSGSEND = YES;
				ENABLE_TESTABILITY = YES;
				GCC_C_LANGUAGE_STANDARD = gnu11;
				GCC_DYNAMIC_NO_PIC = NO;
				GCC_NO_COMMON_BLOCKS = YES;
				GCC_OPTIMIZATION_LEVEL = 0;
				GCC_PREPROCESSOR_DEFINITIONS = (
					"DEBUG=1",
					"$(inherited)",
				);
				GCC_WARN_64_TO_32_BIT_CONVERSION = YES;
				GCC_WARN_ABOUT_RETURN_TYPE = YES_ERROR;
				GCC_WARN_UNDECLARED_SELECTOR = YES;
				GCC_WARN_UNINITIALIZED_AUTOS = YES_AGGRESSIVE;
				GCC_WARN_UNUSED_FUNCTION = YES;
				GCC_WARN_UNUSED_VARIABLE = YES;
				IPHONEOS_DEPLOYMENT_TARGET = 14.2;
				MTL_ENABLE_DEBUG_INFO = INCLUDE_SOURCE;
				MTL_FAST_MATH = YES;
				ONLY_ACTIVE_ARCH = YES;
				SDKROOT = iphoneos;
				SWIFT_ACTIVE_COMPILATION_CONDITIONS = DEBUG;
				SWIFT_OPTIMIZATION_LEVEL = "-Onone";
			};
			name = Debug;
		};
		D040F0FB25836A8200750D76 /* Release */ = {
			isa = XCBuildConfiguration;
			buildSettings = {
				ALWAYS_SEARCH_USER_PATHS = NO;
				CLANG_ANALYZER_NONNULL = YES;
				CLANG_ANALYZER_NUMBER_OBJECT_CONVERSION = YES_AGGRESSIVE;
				CLANG_CXX_LANGUAGE_STANDARD = "gnu++14";
				CLANG_CXX_LIBRARY = "libc++";
				CLANG_ENABLE_MODULES = YES;
				CLANG_ENABLE_OBJC_ARC = YES;
				CLANG_ENABLE_OBJC_WEAK = YES;
				CLANG_WARN_BLOCK_CAPTURE_AUTORELEASING = YES;
				CLANG_WARN_BOOL_CONVERSION = YES;
				CLANG_WARN_COMMA = YES;
				CLANG_WARN_CONSTANT_CONVERSION = YES;
				CLANG_WARN_DEPRECATED_OBJC_IMPLEMENTATIONS = YES;
				CLANG_WARN_DIRECT_OBJC_ISA_USAGE = YES_ERROR;
				CLANG_WARN_DOCUMENTATION_COMMENTS = YES;
				CLANG_WARN_EMPTY_BODY = YES;
				CLANG_WARN_ENUM_CONVERSION = YES;
				CLANG_WARN_INFINITE_RECURSION = YES;
				CLANG_WARN_INT_CONVERSION = YES;
				CLANG_WARN_NON_LITERAL_NULL_CONVERSION = YES;
				CLANG_WARN_OBJC_IMPLICIT_RETAIN_SELF = YES;
				CLANG_WARN_OBJC_LITERAL_CONVERSION = YES;
				CLANG_WARN_OBJC_ROOT_CLASS = YES_ERROR;
				CLANG_WARN_QUOTED_INCLUDE_IN_FRAMEWORK_HEADER = YES;
				CLANG_WARN_RANGE_LOOP_ANALYSIS = YES;
				CLANG_WARN_STRICT_PROTOTYPES = YES;
				CLANG_WARN_SUSPICIOUS_MOVE = YES;
				CLANG_WARN_UNGUARDED_AVAILABILITY = YES_AGGRESSIVE;
				CLANG_WARN_UNREACHABLE_CODE = YES;
				CLANG_WARN__DUPLICATE_METHOD_MATCH = YES;
				COPY_PHASE_STRIP = NO;
				DEBUG_INFORMATION_FORMAT = "dwarf-with-dsym";
				ENABLE_NS_ASSERTIONS = NO;
				ENABLE_STRICT_OBJC_MSGSEND = YES;
				GCC_C_LANGUAGE_STANDARD = gnu11;
				GCC_NO_COMMON_BLOCKS = YES;
				GCC_WARN_64_TO_32_BIT_CONVERSION = YES;
				GCC_WARN_ABOUT_RETURN_TYPE = YES_ERROR;
				GCC_WARN_UNDECLARED_SELECTOR = YES;
				GCC_WARN_UNINITIALIZED_AUTOS = YES_AGGRESSIVE;
				GCC_WARN_UNUSED_FUNCTION = YES;
				GCC_WARN_UNUSED_VARIABLE = YES;
				IPHONEOS_DEPLOYMENT_TARGET = 14.2;
				MTL_ENABLE_DEBUG_INFO = NO;
				MTL_FAST_MATH = YES;
				SDKROOT = iphoneos;
				SWIFT_COMPILATION_MODE = wholemodule;
				SWIFT_OPTIMIZATION_LEVEL = "-O";
				VALIDATE_PRODUCT = YES;
			};
			name = Release;
		};
		D040F0FD25836A8200750D76 /* Debug */ = {
			isa = XCBuildConfiguration;
			buildSettings = {
				ASSETCATALOG_COMPILER_APPICON_NAME = AppIcon;
				ASSETCATALOG_COMPILER_GLOBAL_ACCENT_COLOR_NAME = AccentColor;
				CODE_SIGN_STYLE = Automatic;
				DEVELOPMENT_ASSET_PATHS = "\"FindMyIP/Preview Content\"";
				DEVELOPMENT_TEAM = 2Z7YX43544;
				ENABLE_PREVIEWS = YES;
				INFOPLIST_FILE = FindMyIP/Info.plist;
				IPHONEOS_DEPLOYMENT_TARGET = 14.0;
				LD_RUNPATH_SEARCH_PATHS = (
					"$(inherited)",
					"@executable_path/Frameworks",
				);
				PRODUCT_BUNDLE_IDENTIFIER = Lee.FindMyIP;
				PRODUCT_NAME = "$(TARGET_NAME)";
				SWIFT_VERSION = 5.0;
				TARGETED_DEVICE_FAMILY = "1,2";
			};
			name = Debug;
		};
		D040F0FE25836A8200750D76 /* Release */ = {
			isa = XCBuildConfiguration;
			buildSettings = {
				ASSETCATALOG_COMPILER_APPICON_NAME = AppIcon;
				ASSETCATALOG_COMPILER_GLOBAL_ACCENT_COLOR_NAME = AccentColor;
				CODE_SIGN_STYLE = Automatic;
				DEVELOPMENT_ASSET_PATHS = "\"FindMyIP/Preview Content\"";
				DEVELOPMENT_TEAM = 2Z7YX43544;
				ENABLE_PREVIEWS = YES;
				INFOPLIST_FILE = FindMyIP/Info.plist;
				IPHONEOS_DEPLOYMENT_TARGET = 14.0;
				LD_RUNPATH_SEARCH_PATHS = (
					"$(inherited)",
					"@executable_path/Frameworks",
				);
				PRODUCT_BUNDLE_IDENTIFIER = Lee.FindMyIP;
				PRODUCT_NAME = "$(TARGET_NAME)";
				SWIFT_VERSION = 5.0;
				TARGETED_DEVICE_FAMILY = "1,2";
			};
			name = Release;
		};
/* End XCBuildConfiguration section */

/* Begin XCConfigurationList section */
		D040F0E825836A7E00750D76 /* Build configuration list for PBXProject "FindMyIP" */ = {
			isa = XCConfigurationList;
			buildConfigurations = (
				D040F0FA25836A8200750D76 /* Debug */,
				D040F0FB25836A8200750D76 /* Release */,
			);
			defaultConfigurationIsVisible = 0;
			defaultConfigurationName = Release;
		};
		D040F0FC25836A8200750D76 /* Build configuration list for PBXNativeTarget "FindMyIP" */ = {
			isa = XCConfigurationList;
			buildConfigurations = (
				D040F0FD25836A8200750D76 /* Debug */,
				D040F0FE25836A8200750D76 /* Release */,
			);
			defaultConfigurationIsVisible = 0;
			defaultConfigurationName = Release;
		};
/* End XCConfigurationList section */
	};
	rootObject = D040F0E525836A7D00750D76 /* Project object */;
}
