// !$*UTF8*$!
{
	archiveVersion = 1;
	classes = {
	};
	objectVersion = 50;
	objects = {

/* Begin PBXBuildFile section */
		D0328399257F1D7300D142DF /* QRWebView.swift in Sources */ = {isa = PBXBuildFile; fileRef = D0328398257F1D7300D142DF /* QRWebView.swift */; };
		D042C170257E206200254D34 /* QRReaderAppApp.swift in Sources */ = {isa = PBXBuildFile; fileRef = D042C16F257E206200254D34 /* QRReaderAppApp.swift */; };
		D042C172257E206200254D34 /* ContentView.swift in Sources */ = {isa = PBXBuildFile; fileRef = D042C171257E206200254D34 /* ContentView.swift */; };
		D042C174257E206600254D34 /* Assets.xcassets in Resources */ = {isa = PBXBuildFile; fileRef = D042C173257E206600254D34 /* Assets.xcassets */; };
		D042C177257E206600254D34 /* Preview Assets.xcassets in Resources */ = {isa = PBXBuildFile; fileRef = D042C176257E206600254D34 /* Preview Assets.xcassets */; };
		D0AD5751257F27B400F1EDA2 /* QRCodeGuideLineView.swift in Sources */ = {isa = PBXBuildFile; fileRef = D0AD5750257F27B300F1EDA2 /* QRCodeGuideLineView.swift */; };
		D0D2851B257F155B009C677D /* CodeScanner.swift in Sources */ = {isa = PBXBuildFile; fileRef = D0D2851A257F155B009C677D /* CodeScanner.swift */; };
		D0D2851E257F15D4009C677D /* QRCodeScannerExampleView.swift in Sources */ = {isa = PBXBuildFile; fileRef = D0D2851D257F15D4009C677D /* QRCodeScannerExampleView.swift */; };
/* End PBXBuildFile section */

/* Begin PBXFileReference section */
		D0328398257F1D7300D142DF /* QRWebView.swift */ = {isa = PBXFileReference; lastKnownFileType = sourcecode.swift; path = QRWebView.swift; sourceTree = "<group>"; };
		D042C16C257E206200254D34 /* QRReaderApp.app */ = {isa = PBXFileReference; explicitFileType = wrapper.application; includeInIndex = 0; path = QRReaderApp.app; sourceTree = BUILT_PRODUCTS_DIR; };
		D042C16F257E206200254D34 /* QRReaderAppApp.swift */ = {isa = PBXFileReference; lastKnownFileType = sourcecode.swift; path = QRReaderAppApp.swift; sourceTree = "<group>"; };
		D042C171257E206200254D34 /* ContentView.swift */ = {isa = PBXFileReference; lastKnownFileType = sourcecode.swift; path = ContentView.swift; sourceTree = "<group>"; };
		D042C173257E206600254D34 /* Assets.xcassets */ = {isa = PBXFileReference; lastKnownFileType = folder.assetcatalog; path = Assets.xcassets; sourceTree = "<group>"; };
		D042C176257E206600254D34 /* Preview Assets.xcassets */ = {isa = PBXFileReference; lastKnownFileType = folder.assetcatalog; path = "Preview Assets.xcassets"; sourceTree = "<group>"; };
		D042C178257E206600254D34 /* Info.plist */ = {isa = PBXFileReference; lastKnownFileType = text.plist.xml; path = Info.plist; sourceTree = "<group>"; };
		D0AD5750257F27B300F1EDA2 /* QRCodeGuideLineView.swift */ = {isa = PBXFileReference; lastKnownFileType = sourcecode.swift; path = QRCodeGuideLineView.swift; sourceTree = "<group>"; };
		D0D2851A257F155B009C677D /* CodeScanner.swift */ = {isa = PBXFileReference; lastKnownFileType = sourcecode.swift; path = CodeScanner.swift; sourceTree = "<group>"; };
		D0D2851D257F15D4009C677D /* QRCodeScannerExampleView.swift */ = {isa = PBXFileReference; lastKnownFileType = sourcecode.swift; path = QRCodeScannerExampleView.swift; sourceTree = "<group>"; };
/* End PBXFileReference section */

/* Begin PBXFrameworksBuildPhase section */
		D042C169257E206200254D34 /* Frameworks */ = {
			isa = PBXFrameworksBuildPhase;
			buildActionMask = 2147483647;
			files = (
			);
			runOnlyForDeploymentPostprocessing = 0;
		};
/* End PBXFrameworksBuildPhase section */

/* Begin PBXGroup section */
		D042C163257E206200254D34 = {
			isa = PBXGroup;
			children = (
				D042C16E257E206200254D34 /* QRReaderApp */,
				D042C16D257E206200254D34 /* Products */,
			);
			sourceTree = "<group>";
		};
		D042C16D257E206200254D34 /* Products */ = {
			isa = PBXGroup;
			children = (
				D042C16C257E206200254D34 /* QRReaderApp.app */,
			);
			name = Products;
			sourceTree = "<group>";
		};
		D042C16E257E206200254D34 /* QRReaderApp */ = {
			isa = PBXGroup;
			children = (
				D042C16F257E206200254D34 /* QRReaderAppApp.swift */,
				D042C171257E206200254D34 /* ContentView.swift */,
				D0328398257F1D7300D142DF /* QRWebView.swift */,
				D042C173257E206600254D34 /* Assets.xcassets */,
				D042C178257E206600254D34 /* Info.plist */,
				D042C175257E206600254D34 /* Preview Content */,
				D0D2851A257F155B009C677D /* CodeScanner.swift */,
				D0D2851D257F15D4009C677D /* QRCodeScannerExampleView.swift */,
				D0AD5750257F27B300F1EDA2 /* QRCodeGuideLineView.swift */,
			);
			path = QRReaderApp;
			sourceTree = "<group>";
		};
		D042C175257E206600254D34 /* Preview Content */ = {
			isa = PBXGroup;
			children = (
				D042C176257E206600254D34 /* Preview Assets.xcassets */,
			);
			path = "Preview Content";
			sourceTree = "<group>";
		};
/* End PBXGroup section */

/* Begin PBXNativeTarget section */
		D042C16B257E206200254D34 /* QRReaderApp */ = {
			isa = PBXNativeTarget;
			buildConfigurationList = D042C17B257E206600254D34 /* Build configuration list for PBXNativeTarget "QRReaderApp" */;
			buildPhases = (
				D042C168257E206200254D34 /* Sources */,
				D042C169257E206200254D34 /* Frameworks */,
				D042C16A257E206200254D34 /* Resources */,
			);
			buildRules = (
			);
			dependencies = (
			);
			name = QRReaderApp;
			packageProductDependencies = (
			);
			productName = QRReaderApp;
			productReference = D042C16C257E206200254D34 /* QRReaderApp.app */;
			productType = "com.apple.product-type.application";
		};
/* End PBXNativeTarget section */

/* Begin PBXProject section */
		D042C164257E206200254D34 /* Project object */ = {
			isa = PBXProject;
			attributes = {
				LastSwiftUpdateCheck = 1210;
				LastUpgradeCheck = 1210;
				TargetAttributes = {
					D042C16B257E206200254D34 = {
						CreatedOnToolsVersion = 12.1;
					};
				};
			};
			buildConfigurationList = D042C167257E206200254D34 /* Build configuration list for PBXProject "QRReaderApp" */;
			compatibilityVersion = "Xcode 9.3";
			developmentRegion = en;
			hasScannedForEncodings = 0;
			knownRegions = (
				en,
				Base,
			);
			mainGroup = D042C163257E206200254D34;
			packageReferences = (
			);
			productRefGroup = D042C16D257E206200254D34 /* Products */;
			projectDirPath = "";
			projectRoot = "";
			targets = (
				D042C16B257E206200254D34 /* QRReaderApp */,
			);
		};
/* End PBXProject section */

/* Begin PBXResourcesBuildPhase section */
		D042C16A257E206200254D34 /* Resources */ = {
			isa = PBXResourcesBuildPhase;
			buildActionMask = 2147483647;
			files = (
				D042C177257E206600254D34 /* Preview Assets.xcassets in Resources */,
				D042C174257E206600254D34 /* Assets.xcassets in Resources */,
			);
			runOnlyForDeploymentPostprocessing = 0;
		};
/* End PBXResourcesBuildPhase section */

/* Begin PBXSourcesBuildPhase section */
		D042C168257E206200254D34 /* Sources */ = {
			isa = PBXSourcesBuildPhase;
			buildActionMask = 2147483647;
			files = (
				D0D2851E257F15D4009C677D /* QRCodeScannerExampleView.swift in Sources */,
				D0328399257F1D7300D142DF /* QRWebView.swift in Sources */,
				D0D2851B257F155B009C677D /* CodeScanner.swift in Sources */,
				D0AD5751257F27B400F1EDA2 /* QRCodeGuideLineView.swift in Sources */,
				D042C172257E206200254D34 /* ContentView.swift in Sources */,
				D042C170257E206200254D34 /* QRReaderAppApp.swift in Sources */,
			);
			runOnlyForDeploymentPostprocessing = 0;
		};
/* End PBXSourcesBuildPhase section */

/* Begin XCBuildConfiguration section */
		D042C179257E206600254D34 /* Debug */ = {
			isa = XCBuildConfiguration;
			buildSettings = {
				ALWAYS_SEARCH_USER_PATHS = NO;
				CLANG_ANALYZER_NONNULL = YES;
				CLANG_ANALYZER_NUMBER_OBJECT_CONVERSION = YES_AGGRESSIVE;
				CLANG_CXX_LANGUAGE_STANDARD = "gnu++14";
				CLANG_CXX_LIBRARY = "libc++";
				CLANG_ENABLE_MODULES = YES;
				CLANG_ENABLE_OBJC_ARC = YES;
				CLANG_ENABLE_OBJC_WEAK = YES;
				CLANG_WARN_BLOCK_CAPTURE_AUTORELEASING = YES;
				CLANG_WARN_BOOL_CONVERSION = YES;
				CLANG_WARN_COMMA = YES;
				CLANG_WARN_CONSTANT_CONVERSION = YES;
				CLANG_WARN_DEPRECATED_OBJC_IMPLEMENTATIONS = YES;
				CLANG_WARN_DIRECT_OBJC_ISA_USAGE = YES_ERROR;
				CLANG_WARN_DOCUMENTATION_COMMENTS = YES;
				CLANG_WARN_EMPTY_BODY = YES;
				CLANG_WARN_ENUM_CONVERSION = YES;
				CLANG_WARN_INFINITE_RECURSION = YES;
				CLANG_WARN_INT_CONVERSION = YES;
				CLANG_WARN_NON_LITERAL_NULL_CONVERSION = YES;
				CLANG_WARN_OBJC_IMPLICIT_RETAIN_SELF = YES;
				CLANG_WARN_OBJC_LITERAL_CONVERSION = YES;
				CLANG_WARN_OBJC_ROOT_CLASS = YES_ERROR;
				CLANG_WARN_QUOTED_INCLUDE_IN_FRAMEWORK_HEADER = YES;
				CLANG_WARN_RANGE_LOOP_ANALYSIS = YES;
				CLANG_WARN_STRICT_PROTOTYPES = YES;
				CLANG_WARN_SUSPICIOUS_MOVE = YES;
				CLANG_WARN_UNGUARDED_AVAILABILITY = YES_AGGRESSIVE;
				CLANG_WARN_UNREACHABLE_CODE = YES;
				CLANG_WARN__DUPLICATE_METHOD_MATCH = YES;
				COPY_PHASE_STRIP = NO;
				DEBUG_INFORMATION_FORMAT = dwarf;
				ENABLE_STRICT_OBJC_MSGSEND = YES;
				ENABLE_TESTABILITY = YES;
				GCC_C_LANGUAGE_STANDARD = gnu11;
				GCC_DYNAMIC_NO_PIC = NO;
				GCC_NO_COMMON_BLOCKS = YES;
				GCC_OPTIMIZATION_LEVEL = 0;
				GCC_PREPROCESSOR_DEFINITIONS = (
					"DEBUG=1",
					"$(inherited)",
				);
				GCC_WARN_64_TO_32_BIT_CONVERSION = YES;
				GCC_WARN_ABOUT_RETURN_TYPE = YES_ERROR;
				GCC_WARN_UNDECLARED_SELECTOR = YES;
				GCC_WARN_UNINITIALIZED_AUTOS = YES_AGGRESSIVE;
				GCC_WARN_UNUSED_FUNCTION = YES;
				GCC_WARN_UNUSED_VARIABLE = YES;
				IPHONEOS_DEPLOYMENT_TARGET = 14.1;
				MTL_ENABLE_DEBUG_INFO = INCLUDE_SOURCE;
				MTL_FAST_MATH = YES;
				ONLY_ACTIVE_ARCH = YES;
				SDKROOT = iphoneos;
				SWIFT_ACTIVE_COMPILATION_CONDITIONS = DEBUG;
				SWIFT_OPTIMIZATION_LEVEL = "-Onone";
			};
			name = Debug;
		};
		D042C17A257E206600254D34 /* Release */ = {
			isa = XCBuildConfiguration;
			buildSettings = {
				ALWAYS_SEARCH_USER_PATHS = NO;
				CLANG_ANALYZER_NONNULL = YES;
				CLANG_ANALYZER_NUMBER_OBJECT_CONVERSION = YES_AGGRESSIVE;
				CLANG_CXX_LANGUAGE_STANDARD = "gnu++14";
				CLANG_CXX_LIBRARY = "libc++";
				CLANG_ENABLE_MODULES = YES;
				CLANG_ENABLE_OBJC_ARC = YES;
				CLANG_ENABLE_OBJC_WEAK = YES;
				CLANG_WARN_BLOCK_CAPTURE_AUTORELEASING = YES;
				CLANG_WARN_BOOL_CONVERSION = YES;
				CLANG_WARN_COMMA = YES;
				CLANG_WARN_CONSTANT_CONVERSION = YES;
				CLANG_WARN_DEPRECATED_OBJC_IMPLEMENTATIONS = YES;
				CLANG_WARN_DIRECT_OBJC_ISA_USAGE = YES_ERROR;
				CLANG_WARN_DOCUMENTATION_COMMENTS = YES;
				CLANG_WARN_EMPTY_BODY = YES;
				CLANG_WARN_ENUM_CONVERSION = YES;
				CLANG_WARN_INFINITE_RECURSION = YES;
				CLANG_WARN_INT_CONVERSION = YES;
				CLANG_WARN_NON_LITERAL_NULL_CONVERSION = YES;
				CLANG_WARN_OBJC_IMPLICIT_RETAIN_SELF = YES;
				CLANG_WARN_OBJC_LITERAL_CONVERSION = YES;
				CLANG_WARN_OBJC_ROOT_CLASS = YES_ERROR;
				CLANG_WARN_QUOTED_INCLUDE_IN_FRAMEWORK_HEADER = YES;
				CLANG_WARN_RANGE_LOOP_ANALYSIS = YES;
				CLANG_WARN_STRICT_PROTOTYPES = YES;
				CLANG_WARN_SUSPICIOUS_MOVE = YES;
				CLANG_WARN_UNGUARDED_AVAILABILITY = YES_AGGRESSIVE;
				CLANG_WARN_UNREACHABLE_CODE = YES;
				CLANG_WARN__DUPLICATE_METHOD_MATCH = YES;
				COPY_PHASE_STRIP = NO;
				DEBUG_INFORMATION_FORMAT = "dwarf-with-dsym";
				ENABLE_NS_ASSERTIONS = NO;
				ENABLE_STRICT_OBJC_MSGSEND = YES;
				GCC_C_LANGUAGE_STANDARD = gnu11;
				GCC_NO_COMMON_BLOCKS = YES;
				GCC_WARN_64_TO_32_BIT_CONVERSION = YES;
				GCC_WARN_ABOUT_RETURN_TYPE = YES_ERROR;
				GCC_WARN_UNDECLARED_SELECTOR = YES;
				GCC_WARN_UNINITIALIZED_AUTOS = YES_AGGRESSIVE;
				GCC_WARN_UNUSED_FUNCTION = YES;
				GCC_WARN_UNUSED_VARIABLE = YES;
				IPHONEOS_DEPLOYMENT_TARGET = 14.1;
				MTL_ENABLE_DEBUG_INFO = NO;
				MTL_FAST_MATH = YES;
				SDKROOT = iphoneos;
				SWIFT_COMPILATION_MODE = wholemodule;
				SWIFT_OPTIMIZATION_LEVEL = "-O";
				VALIDATE_PRODUCT = YES;
			};
			name = Release;
		};
		D042C17C257E206600254D34 /* Debug */ = {
			isa = XCBuildConfiguration;
			buildSettings = {
				ASSETCATALOG_COMPILER_APPICON_NAME = AppIcon;
				ASSETCATALOG_COMPILER_GLOBAL_ACCENT_COLOR_NAME = AccentColor;
				CODE_SIGN_STYLE = Automatic;
				DEVELOPMENT_ASSET_PATHS = "\"QRReaderApp/Preview Content\"";
				DEVELOPMENT_TEAM = 2Z7YX43544;
				ENABLE_PREVIEWS = YES;
				INFOPLIST_FILE = QRReaderApp/Info.plist;
				IPHONEOS_DEPLOYMENT_TARGET = 14.0;
				LD_RUNPATH_SEARCH_PATHS = (
					"$(inherited)",
					"@executable_path/Frameworks",
				);
				PRODUCT_BUNDLE_IDENTIFIER = Lee.QRReaderApp;
				PRODUCT_NAME = "$(TARGET_NAME)";
				SWIFT_VERSION = 5.0;
				TARGETED_DEVICE_FAMILY = "1,2";
			};
			name = Debug;
		};
		D042C17D257E206600254D34 /* Release */ = {
			isa = XCBuildConfiguration;
			buildSettings = {
				ASSETCATALOG_COMPILER_APPICON_NAME = AppIcon;
				ASSETCATALOG_COMPILER_GLOBAL_ACCENT_COLOR_NAME = AccentColor;
				CODE_SIGN_STYLE = Automatic;
				DEVELOPMENT_ASSET_PATHS = "\"QRReaderApp/Preview Content\"";
				DEVELOPMENT_TEAM = 2Z7YX43544;
				ENABLE_PREVIEWS = YES;
				INFOPLIST_FILE = QRReaderApp/Info.plist;
				IPHONEOS_DEPLOYMENT_TARGET = 14.0;
				LD_RUNPATH_SEARCH_PATHS = (
					"$(inherited)",
					"@executable_path/Frameworks",
				);
				PRODUCT_BUNDLE_IDENTIFIER = Lee.QRReaderApp;
				PRODUCT_NAME = "$(TARGET_NAME)";
				SWIFT_VERSION = 5.0;
				TARGETED_DEVICE_FAMILY = "1,2";
			};
			name = Release;
		};
/* End XCBuildConfiguration section */

/* Begin XCConfigurationList section */
		D042C167257E206200254D34 /* Build configuration list for PBXProject "QRReaderApp" */ = {
			isa = XCConfigurationList;
			buildConfigurations = (
				D042C179257E206600254D34 /* Debug */,
				D042C17A257E206600254D34 /* Release */,
			);
			defaultConfigurationIsVisible = 0;
			defaultConfigurationName = Release;
		};
		D042C17B257E206600254D34 /* Build configuration list for PBXNativeTarget "QRReaderApp" */ = {
			isa = XCConfigurationList;
			buildConfigurations = (
				D042C17C257E206600254D34 /* Debug */,
				D042C17D257E206600254D34 /* Release */,
			);
			defaultConfigurationIsVisible = 0;
			defaultConfigurationName = Release;
		};
/* End XCConfigurationList section */
	};
	rootObject = D042C164257E206200254D34 /* Project object */;
}
